
Microsoft Visual Studio Solution File, Format Version 12.00
# Visual Studio Version 17
VisualStudioVersion = 17.1.32328.378
MinimumVisualStudioVersion = 10.0.40219.1
Project("{FAE04EC0-301F-11D3-BF4B-00C04F79EFBC}") = "ProfileViews_Botter", "ProfileViews_Botter.csproj", "{829BC5E8-8A88-45DC-8258-843A2CC4B884}"
EndProject
Global
	GlobalSection(SolutionConfigurationPlatforms) = preSolution
		Debug|Any CPU = Debug|Any CPU
		Release|Any CPU = Release|Any CPU
	EndGlobalSection
	GlobalSection(ProjectConfigurationPlatforms) = postSolution
		{829BC5E8-8A88-45DC-8258-843A2CC4B884}.Debug|Any CPU.ActiveCfg = Debug|Any CPU
		{829BC5E8-8A88-45DC-8258-843A2CC4B884}.Debug|Any CPU.Build.0 = Debug|Any CPU
		{829BC5E8-8A88-45DC-8258-843A2CC4B884}.Release|Any CPU.ActiveCfg = Release|Any CPU
		{829BC5E8-8A88-45DC-8258-843A2CC4B884}.Release|Any CPU.Build.0 = Release|Any CPU
	EndGlobalSection
	GlobalSection(SolutionProperties) = preSolution
		HideSolutionNode = FALSE
	EndGlobalSection
	GlobalSection(ExtensibilityGlobals) = postSolution
		SolutionGuid = {79493CD3-2735-4554-9CD4-31AF295E00EA}
	EndGlobalSection
EndGlobal
